
Microsoft Visual Studio Solution File, Format Version 12.00
# Visual Studio Version 17
VisualStudioVersion = 17.0.32014.148
MinimumVisualStudioVersion = 10.0.40219.1
Project("{8BC9CEB8-8B4A-11D0-8D11-00A0C91BC942}") = "day_01", "day_01\day_01.vcxproj", "{45B8AEEE-4AB5-429A-B3EF-712965332496}"
EndProject
Project("{8BC9CEB8-8B4A-11D0-8D11-00A0C91BC942}") = "day_02", "day_02\day_02.vcxproj", "{E88B614A-C11E-4B80-92F6-FBCB27F1FFE4}"
EndProject
Project("{8BC9CEB8-8B4A-11D0-8D11-00A0C91BC942}") = "day_03", "day_03\day_03.vcxproj", "{7737EA3B-772A-4393-9EB4-F908FAC42BCA}"
EndProject
Project("{8BC9CEB8-8B4A-11D0-8D11-00A0C91BC942}") = "day_04", "day_04\day_04.vcxproj", "{3BE494D9-42DF-441F-99FF-655B8921D1CD}"
EndProject
Project("{8BC9CEB8-8B4A-11D0-8D11-00A0C91BC942}") = "day_05", "day_05\day_05.vcxproj", "{05CAF7D0-BA08-4C7A-9590-9F99A384FF67}"
EndProject
Project("{8BC9CEB8-8B4A-11D0-8D11-00A0C91BC942}") = "day_06", "day_06\day_06.vcxproj", "{EB899F4C-3156-4B8E-A1DD-8EE74F945311}"
EndProject
Project("{8BC9CEB8-8B4A-11D0-8D11-00A0C91BC942}") = "day_07", "day_07\day_07.vcxproj", "{19125B75-7C1F-4426-98D3-6A97E240BEAA}"
EndProject
Project("{8BC9CEB8-8B4A-11D0-8D11-00A0C91BC942}") = "day_08", "day_08\day_08.vcxproj", "{330DECEC-AA79-482B-8D19-446B2DE99486}"
EndProject
Project("{8BC9CEB8-8B4A-11D0-8D11-00A0C91BC942}") = "day_09", "day_09\day_09.vcxproj", "{A15FA034-C5CB-4673-9F1C-D3A25B118F74}"
EndProject
Project("{8BC9CEB8-8B4A-11D0-8D11-00A0C91BC942}") = "day_10", "day_10\day_10.vcxproj", "{FA17302F-B282-4952-810A-36A4F76E5785}"
EndProject
Global
	GlobalSection(SolutionConfigurationPlatforms) = preSolution
		Debug|x64 = Debug|x64
		Debug|x86 = Debug|x86
		Release|x64 = Release|x64
		Release|x86 = Release|x86
	EndGlobalSection
	GlobalSection(ProjectConfigurationPlatforms) = postSolution
		{45B8AEEE-4AB5-429A-B3EF-712965332496}.Debug|x64.ActiveCfg = Debug|x64
		{45B8AEEE-4AB5-429A-B3EF-712965332496}.Debug|x64.Build.0 = Debug|x64
		{45B8AEEE-4AB5-429A-B3EF-712965332496}.Debug|x86.ActiveCfg = Debug|Win32
		{45B8AEEE-4AB5-429A-B3EF-712965332496}.Debug|x86.Build.0 = Debug|Win32
		{45B8AEEE-4AB5-429A-B3EF-712965332496}.Release|x64.ActiveCfg = Release|x64
		{45B8AEEE-4AB5-429A-B3EF-712965332496}.Release|x64.Build.0 = Release|x64
		{45B8AEEE-4AB5-429A-B3EF-712965332496}.Release|x86.ActiveCfg = Release|Win32
		{45B8AEEE-4AB5-429A-B3EF-712965332496}.Release|x86.Build.0 = Release|Win32
		{E88B614A-C11E-4B80-92F6-FBCB27F1FFE4}.Debug|x64.ActiveCfg = Debug|x64
		{E88B614A-C11E-4B80-92F6-FBCB27F1FFE4}.Debug|x64.Build.0 = Debug|x64
		{E88B614A-C11E-4B80-92F6-FBCB27F1FFE4}.Debug|x86.ActiveCfg = Debug|Win32
		{E88B614A-C11E-4B80-92F6-FBCB27F1FFE4}.Debug|x86.Build.0 = Debug|Win32
		{E88B614A-C11E-4B80-92F6-FBCB27F1FFE4}.Release|x64.ActiveCfg = Release|x64
		{E88B614A-C11E-4B80-92F6-FBCB27F1FFE4}.Release|x64.Build.0 = Release|x64
		{E88B614A-C11E-4B80-92F6-FBCB27F1FFE4}.Release|x86.ActiveCfg = Release|Win32
		{E88B614A-C11E-4B80-92F6-FBCB27F1FFE4}.Release|x86.Build.0 = Release|Win32
		{7737EA3B-772A-4393-9EB4-F908FAC42BCA}.Debug|x64.ActiveCfg = Debug|x64
		{7737EA3B-772A-4393-9EB4-F908FAC42BCA}.Debug|x64.Build.0 = Debug|x64
		{7737EA3B-772A-4393-9EB4-F908FAC42BCA}.Debug|x86.ActiveCfg = Debug|Win32
		{7737EA3B-772A-4393-9EB4-F908FAC42BCA}.Debug|x86.Build.0 = Debug|Win32
		{7737EA3B-772A-4393-9EB4-F908FAC42BCA}.Release|x64.ActiveCfg = Release|x64
		{7737EA3B-772A-4393-9EB4-F908FAC42BCA}.Release|x64.Build.0 = Release|x64
		{7737EA3B-772A-4393-9EB4-F908FAC42BCA}.Release|x86.ActiveCfg = Release|Win32
		{7737EA3B-772A-4393-9EB4-F908FAC42BCA}.Release|x86.Build.0 = Release|Win32
		{3BE494D9-42DF-441F-99FF-655B8921D1CD}.Debug|x64.ActiveCfg = Debug|x64
		{3BE494D9-42DF-441F-99FF-655B8921D1CD}.Debug|x64.Build.0 = Debug|x64
		{3BE494D9-42DF-441F-99FF-655B8921D1CD}.Debug|x86.ActiveCfg = Debug|Win32
		{3BE494D9-42DF-441F-99FF-655B8921D1CD}.Debug|x86.Build.0 = Debug|Win32
		{3BE494D9-42DF-441F-99FF-655B8921D1CD}.Release|x64.ActiveCfg = Release|x64
		{3BE494D9-42DF-441F-99FF-655B8921D1CD}.Release|x64.Build.0 = Release|x64
		{3BE494D9-42DF-441F-99FF-655B8921D1CD}.Release|x86.ActiveCfg = Release|Win32
		{3BE494D9-42DF-441F-99FF-655B8921D1CD}.Release|x86.Build.0 = Release|Win32
		{05CAF7D0-BA08-4C7A-9590-9F99A384FF67}.Debug|x64.ActiveCfg = Debug|x64
		{05CAF7D0-BA08-4C7A-9590-9F99A384FF67}.Debug|x64.Build.0 = Debug|x64
		{05CAF7D0-BA08-4C7A-9590-9F99A384FF67}.Debug|x86.ActiveCfg = Debug|Win32
		{05CAF7D0-BA08-4C7A-9590-9F99A384FF67}.Debug|x86.Build.0 = Debug|Win32
		{05CAF7D0-BA08-4C7A-9590-9F99A384FF67}.Release|x64.ActiveCfg = Release|x64
		{05CAF7D0-BA08-4C7A-9590-9F99A384FF67}.Release|x64.Build.0 = Release|x64
		{05CAF7D0-BA08-4C7A-9590-9F99A384FF67}.Release|x86.ActiveCfg = Release|Win32
		{05CAF7D0-BA08-4C7A-9590-9F99A384FF67}.Release|x86.Build.0 = Release|Win32
		{EB899F4C-3156-4B8E-A1DD-8EE74F945311}.Debug|x64.ActiveCfg = Debug|x64
		{EB899F4C-3156-4B8E-A1DD-8EE74F945311}.Debug|x64.Build.0 = Debug|x64
		{EB899F4C-3156-4B8E-A1DD-8EE74F945311}.Debug|x86.ActiveCfg = Debug|Win32
		{EB899F4C-3156-4B8E-A1DD-8EE74F945311}.Debug|x86.Build.0 = Debug|Win32
		{EB899F4C-3156-4B8E-A1DD-8EE74F945311}.Release|x64.ActiveCfg = Release|x64
		{EB899F4C-3156-4B8E-A1DD-8EE74F945311}.Release|x64.Build.0 = Release|x64
		{EB899F4C-3156-4B8E-A1DD-8EE74F945311}.Release|x86.ActiveCfg = Release|Win32
		{EB899F4C-3156-4B8E-A1DD-8EE74F945311}.Release|x86.Build.0 = Release|Win32
		{19125B75-7C1F-4426-98D3-6A97E240BEAA}.Debug|x64.ActiveCfg = Debug|x64
		{19125B75-7C1F-4426-98D3-6A97E240BEAA}.Debug|x64.Build.0 = Debug|x64
		{19125B75-7C1F-4426-98D3-6A97E240BEAA}.Debug|x86.ActiveCfg = Debug|Win32
		{19125B75-7C1F-4426-98D3-6A97E240BEAA}.Debug|x86.Build.0 = Debug|Win32
		{19125B75-7C1F-4426-98D3-6A97E240BEAA}.Release|x64.ActiveCfg = Release|x64
		{19125B75-7C1F-4426-98D3-6A97E240BEAA}.Release|x64.Build.0 = Release|x64
		{19125B75-7C1F-4426-98D3-6A97E240BEAA}.Release|x86.ActiveCfg = Release|Win32
		{19125B75-7C1F-4426-98D3-6A97E240BEAA}.Release|x86.Build.0 = Release|Win32
		{330DECEC-AA79-482B-8D19-446B2DE99486}.Debug|x64.ActiveCfg = Debug|x64
		{330DECEC-AA79-482B-8D19-446B2DE99486}.Debug|x64.Build.0 = Debug|x64
		{330DECEC-AA79-482B-8D19-446B2DE99486}.Debug|x86.ActiveCfg = Debug|Win32
		{330DECEC-AA79-482B-8D19-446B2DE99486}.Debug|x86.Build.0 = Debug|Win32
		{330DECEC-AA79-482B-8D19-446B2DE99486}.Release|x64.ActiveCfg = Release|x64
		{330DECEC-AA79-482B-8D19-446B2DE99486}.Release|x64.Build.0 = Release|x64
		{330DECEC-AA79-482B-8D19-446B2DE99486}.Release|x86.ActiveCfg = Release|Win32
		{330DECEC-AA79-482B-8D19-446B2DE99486}.Release|x86.Build.0 = Release|Win32
		{A15FA034-C5CB-4673-9F1C-D3A25B118F74}.Debug|x64.ActiveCfg = Debug|x64
		{A15FA034-C5CB-4673-9F1C-D3A25B118F74}.Debug|x64.Build.0 = Debug|x64
		{A15FA034-C5CB-4673-9F1C-D3A25B118F74}.Debug|x86.ActiveCfg = Debug|Win32
		{A15FA034-C5CB-4673-9F1C-D3A25B118F74}.Debug|x86.Build.0 = Debug|Win32
		{A15FA034-C5CB-4673-9F1C-D3A25B118F74}.Release|x64.ActiveCfg = Release|x64
		{A15FA034-C5CB-4673-9F1C-D3A25B118F74}.Release|x64.Build.0 = Release|x64
		{A15FA034-C5CB-4673-9F1C-D3A25B118F74}.Release|x86.ActiveCfg = Release|Win32
		{A15FA034-C5CB-4673-9F1C-D3A25B118F74}.Release|x86.Build.0 = Release|Win32
		{FA17302F-B282-4952-810A-36A4F76E5785}.Debug|x64.ActiveCfg = Debug|x64
		{FA17302F-B282-4952-810A-36A4F76E5785}.Debug|x64.Build.0 = Debug|x64
		{FA17302F-B282-4952-810A-36A4F76E5785}.Debug|x86.ActiveCfg = Debug|Win32
		{FA17302F-B282-4952-810A-36A4F76E5785}.Debug|x86.Build.0 = Debug|Win32
		{FA17302F-B282-4952-810A-36A4F76E5785}.Release|x64.ActiveCfg = Release|x64
		{FA17302F-B282-4952-810A-36A4F76E5785}.Release|x64.Build.0 = Release|x64
		{FA17302F-B282-4952-810A-36A4F76E5785}.Release|x86.ActiveCfg = Release|Win32
		{FA17302F-B282-4952-810A-36A4F76E5785}.Release|x86.Build.0 = Release|Win32
	EndGlobalSection
	GlobalSection(SolutionProperties) = preSolution
		HideSolutionNode = FALSE
	EndGlobalSection
	GlobalSection(ExtensibilityGlobals) = postSolution
		SolutionGuid = {F497B357-451B-4810-A801-FEFA4F2915F8}
	EndGlobalSection
EndGlobal
